// !$*UTF8*$!
{
	archiveVersion = 1;
	classes = {
	};
	objectVersion = 50;
	objects = {

/* Begin PBXBuildFile section */
		361A3AF623B10C4A00597E6D /* AppDelegate.swift in Sources */ = {isa = PBXBuildFile; fileRef = 361A3AF523B10C4A00597E6D /* AppDelegate.swift */; };
		361A3AF823B10C4A00597E6D /* SceneDelegate.swift in Sources */ = {isa = PBXBuildFile; fileRef = 361A3AF723B10C4A00597E6D /* SceneDelegate.swift */; };
		361A3AFB23B10C4A00597E6D /* LandMarks.xcdatamodeld in Sources */ = {isa = PBXBuildFile; fileRef = 361A3AF923B10C4A00597E6D /* LandMarks.xcdatamodeld */; };
		361A3AFD23B10C4A00597E6D /* ContentView.swift in Sources */ = {isa = PBXBuildFile; fileRef = 361A3AFC23B10C4A00597E6D /* ContentView.swift */; };
		361A3AFF23B10C4B00597E6D /* Assets.xcassets in Resources */ = {isa = PBXBuildFile; fileRef = 361A3AFE23B10C4B00597E6D /* Assets.xcassets */; };
		361A3B0223B10C4B00597E6D /* Preview Assets.xcassets in Resources */ = {isa = PBXBuildFile; fileRef = 361A3B0123B10C4B00597E6D /* Preview Assets.xcassets */; };
		361A3B0523B10C4B00597E6D /* LaunchScreen.storyboard in Resources */ = {isa = PBXBuildFile; fileRef = 361A3B0323B10C4B00597E6D /* LaunchScreen.storyboard */; };
		361A3B1023B10C4B00597E6D /* LandMarksTests.swift in Sources */ = {isa = PBXBuildFile; fileRef = 361A3B0F23B10C4B00597E6D /* LandMarksTests.swift */; };
		361A3B1B23B10C4B00597E6D /* LandMarksUITests.swift in Sources */ = {isa = PBXBuildFile; fileRef = 361A3B1A23B10C4B00597E6D /* LandMarksUITests.swift */; };
		361A3B2923B1DC6E00597E6D /* CircleImage.swift in Sources */ = {isa = PBXBuildFile; fileRef = 361A3B2823B1DC6E00597E6D /* CircleImage.swift */; };
		361A3B2B23B1DF9B00597E6D /* MapView.swift in Sources */ = {isa = PBXBuildFile; fileRef = 361A3B2A23B1DF9B00597E6D /* MapView.swift */; };
/* End PBXBuildFile section */

/* Begin PBXContainerItemProxy section */
		361A3B0C23B10C4B00597E6D /* PBXContainerItemProxy */ = {
			isa = PBXContainerItemProxy;
			containerPortal = 361A3AEA23B10C4A00597E6D /* Project object */;
			proxyType = 1;
			remoteGlobalIDString = 361A3AF123B10C4A00597E6D;
			remoteInfo = LandMarks;
		};
		361A3B1723B10C4B00597E6D /* PBXContainerItemProxy */ = {
			isa = PBXContainerItemProxy;
			containerPortal = 361A3AEA23B10C4A00597E6D /* Project object */;
			proxyType = 1;
			remoteGlobalIDString = 361A3AF123B10C4A00597E6D;
			remoteInfo = LandMarks;
		};
/* End PBXContainerItemProxy section */

/* Begin PBXFileReference section */
		361A3AF223B10C4A00597E6D /* LandMarks.app */ = {isa = PBXFileReference; explicitFileType = wrapper.application; includeInIndex = 0; path = LandMarks.app; sourceTree = BUILT_PRODUCTS_DIR; };
		361A3AF523B10C4A00597E6D /* AppDelegate.swift */ = {isa = PBXFileReference; lastKnownFileType = sourcecode.swift; path = AppDelegate.swift; sourceTree = "<group>"; };
		361A3AF723B10C4A00597E6D /* SceneDelegate.swift */ = {isa = PBXFileReference; lastKnownFileType = sourcecode.swift; path = SceneDelegate.swift; sourceTree = "<group>"; };
		361A3AFA23B10C4A00597E6D /* LandMarks.xcdatamodel */ = {isa = PBXFileReference; lastKnownFileType = wrapper.xcdatamodel; path = LandMarks.xcdatamodel; sourceTree = "<group>"; };
		361A3AFC23B10C4A00597E6D /* ContentView.swift */ = {isa = PBXFileReference; lastKnownFileType = sourcecode.swift; path = ContentView.swift; sourceTree = "<group>"; };
		361A3AFE23B10C4B00597E6D /* Assets.xcassets */ = {isa = PBXFileReference; lastKnownFileType = folder.assetcatalog; path = Assets.xcassets; sourceTree = "<group>"; };
		361A3B0123B10C4B00597E6D /* Preview Assets.xcassets */ = {isa = PBXFileReference; lastKnownFileType = folder.assetcatalog; path = "Preview Assets.xcassets"; sourceTree = "<group>"; };
		361A3B0423B10C4B00597E6D /* Base */ = {isa = PBXFileReference; lastKnownFileType = file.storyboard; name = Base; path = Base.lproj/LaunchScreen.storyboard; sourceTree = "<group>"; };
		361A3B0623B10C4B00597E6D /* Info.plist */ = {isa = PBXFileReference; lastKnownFileType = text.plist.xml; path = Info.plist; sourceTree = "<group>"; };
		361A3B0B23B10C4B00597E6D /* LandMarksTests.xctest */ = {isa = PBXFileReference; explicitFileType = wrapper.cfbundle; includeInIndex = 0; path = LandMarksTests.xctest; sourceTree = BUILT_PRODUCTS_DIR; };
		361A3B0F23B10C4B00597E6D /* LandMarksTests.swift */ = {isa = PBXFileReference; lastKnownFileType = sourcecode.swift; path = LandMarksTests.swift; sourceTree = "<group>"; };
		361A3B1123B10C4B00597E6D /* Info.plist */ = {isa = PBXFileReference; lastKnownFileType = text.plist.xml; path = Info.plist; sourceTree = "<group>"; };
		361A3B1623B10C4B00597E6D /* LandMarksUITests.xctest */ = {isa = PBXFileReference; explicitFileType = wrapper.cfbundle; includeInIndex = 0; path = LandMarksUITests.xctest; sourceTree = BUILT_PRODUCTS_DIR; };
		361A3B1A23B10C4B00597E6D /* LandMarksUITests.swift */ = {isa = PBXFileReference; lastKnownFileType = sourcecode.swift; path = LandMarksUITests.swift; sourceTree = "<group>"; };
		361A3B1C23B10C4B00597E6D /* Info.plist */ = {isa = PBXFileReference; lastKnownFileType = text.plist.xml; path = Info.plist; sourceTree = "<group>"; };
		361A3B2823B1DC6E00597E6D /* CircleImage.swift */ = {isa = PBXFileReference; lastKnownFileType = sourcecode.swift; path = CircleImage.swift; sourceTree = "<group>"; };
		361A3B2A23B1DF9B00597E6D /* MapView.swift */ = {isa = PBXFileReference; lastKnownFileType = sourcecode.swift; path = MapView.swift; sourceTree = "<group>"; };
/* End PBXFileReference section */

/* Begin PBXFrameworksBuildPhase section */
		361A3AEF23B10C4A00597E6D /* Frameworks */ = {
			isa = PBXFrameworksBuildPhase;
			buildActionMask = 2147483647;
			files = (
			);
			runOnlyForDeploymentPostprocessing = 0;
		};
		361A3B0823B10C4B00597E6D /* Frameworks */ = {
			isa = PBXFrameworksBuildPhase;
			buildActionMask = 2147483647;
			files = (
			);
			runOnlyForDeploymentPostprocessing = 0;
		};
		361A3B1323B10C4B00597E6D /* Frameworks */ = {
			isa = PBXFrameworksBuildPhase;
			buildActionMask = 2147483647;
			files = (
			);
			runOnlyForDeploymentPostprocessing = 0;
		};
/* End PBXFrameworksBuildPhase section */

/* Begin PBXGroup section */
		361A3AE923B10C4A00597E6D = {
			isa = PBXGroup;
			children = (
				361A3AF423B10C4A00597E6D /* LandMarks */,
				361A3B0E23B10C4B00597E6D /* LandMarksTests */,
				361A3B1923B10C4B00597E6D /* LandMarksUITests */,
				361A3AF323B10C4A00597E6D /* Products */,
			);
			sourceTree = "<group>";
		};
		361A3AF323B10C4A00597E6D /* Products */ = {
			isa = PBXGroup;
			children = (
				361A3AF223B10C4A00597E6D /* LandMarks.app */,
				361A3B0B23B10C4B00597E6D /* LandMarksTests.xctest */,
				361A3B1623B10C4B00597E6D /* LandMarksUITests.xctest */,
			);
			name = Products;
			sourceTree = "<group>";
		};
		361A3AF423B10C4A00597E6D /* LandMarks */ = {
			isa = PBXGroup;
			children = (
				361A3AF523B10C4A00597E6D /* AppDelegate.swift */,
				361A3AF723B10C4A00597E6D /* SceneDelegate.swift */,
				361A3AFC23B10C4A00597E6D /* ContentView.swift */,
				361A3B2823B1DC6E00597E6D /* CircleImage.swift */,
				361A3B2A23B1DF9B00597E6D /* MapView.swift */,
				361A3AFE23B10C4B00597E6D /* Assets.xcassets */,
				361A3B0323B10C4B00597E6D /* LaunchScreen.storyboard */,
				361A3B0623B10C4B00597E6D /* Info.plist */,
				361A3AF923B10C4A00597E6D /* LandMarks.xcdatamodeld */,
				361A3B0023B10C4B00597E6D /* Preview Content */,
			);
			path = LandMarks;
			sourceTree = "<group>";
		};
		361A3B0023B10C4B00597E6D /* Preview Content */ = {
			isa = PBXGroup;
			children = (
				361A3B0123B10C4B00597E6D /* Preview Assets.xcassets */,
			);
			path = "Preview Content";
			sourceTree = "<group>";
		};
		361A3B0E23B10C4B00597E6D /* LandMarksTests */ = {
			isa = PBXGroup;
			children = (
				361A3B0F23B10C4B00597E6D /* LandMarksTests.swift */,
				361A3B1123B10C4B00597E6D /* Info.plist */,
			);
			path = LandMarksTests;
			sourceTree = "<group>";
		};
		361A3B1923B10C4B00597E6D /* LandMarksUITests */ = {
			isa = PBXGroup;
			children = (
				361A3B1A23B10C4B00597E6D /* LandMarksUITests.swift */,
				361A3B1C23B10C4B00597E6D /* Info.plist */,
			);
			path = LandMarksUITests;
			sourceTree = "<group>";
		};
/* End PBXGroup section */

/* Begin PBXNativeTarget section */
		361A3AF123B10C4A00597E6D /* LandMarks */ = {
			isa = PBXNativeTarget;
			buildConfigurationList = 361A3B1F23B10C4B00597E6D /* Build configuration list for PBXNativeTarget "LandMarks" */;
			buildPhases = (
				361A3AEE23B10C4A00597E6D /* Sources */,
				361A3AEF23B10C4A00597E6D /* Frameworks */,
				361A3AF023B10C4A00597E6D /* Resources */,
			);
			buildRules = (
			);
			dependencies = (
			);
			name = LandMarks;
			productName = LandMarks;
			productReference = 361A3AF223B10C4A00597E6D /* LandMarks.app */;
			productType = "com.apple.product-type.application";
		};
		361A3B0A23B10C4B00597E6D /* LandMarksTests */ = {
			isa = PBXNativeTarget;
			buildConfigurationList = 361A3B2223B10C4B00597E6D /* Build configuration list for PBXNativeTarget "LandMarksTests" */;
			buildPhases = (
				361A3B0723B10C4B00597E6D /* Sources */,
				361A3B0823B10C4B00597E6D /* Frameworks */,
				361A3B0923B10C4B00597E6D /* Resources */,
			);
			buildRules = (
			);
			dependencies = (
				361A3B0D23B10C4B00597E6D /* PBXTargetDependency */,
			);
			name = LandMarksTests;
			productName = LandMarksTests;
			productReference = 361A3B0B23B10C4B00597E6D /* LandMarksTests.xctest */;
			productType = "com.apple.product-type.bundle.unit-test";
		};
		361A3B1523B10C4B00597E6D /* LandMarksUITests */ = {
			isa = PBXNativeTarget;
			buildConfigurationList = 361A3B2523B10C4B00597E6D /* Build configuration list for PBXNativeTarget "LandMarksUITests" */;
			buildPhases = (
				361A3B1223B10C4B00597E6D /* Sources */,
				361A3B1323B10C4B00597E6D /* Frameworks */,
				361A3B1423B10C4B00597E6D /* Resources */,
			);
			buildRules = (
			);
			dependencies = (
				361A3B1823B10C4B00597E6D /* PBXTargetDependency */,
			);
			name = LandMarksUITests;
			productName = LandMarksUITests;
			productReference = 361A3B1623B10C4B00597E6D /* LandMarksUITests.xctest */;
			productType = "com.apple.product-type.bundle.ui-testing";
		};
/* End PBXNativeTarget section */

/* Begin PBXProject section */
		361A3AEA23B10C4A00597E6D /* Project object */ = {
			isa = PBXProject;
			attributes = {
				LastSwiftUpdateCheck = 1130;
				LastUpgradeCheck = 1130;
				ORGANIZATIONNAME = "Tal Spektor";
				TargetAttributes = {
					361A3AF123B10C4A00597E6D = {
						CreatedOnToolsVersion = 11.3;
					};
					361A3B0A23B10C4B00597E6D = {
						CreatedOnToolsVersion = 11.3;
						TestTargetID = 361A3AF123B10C4A00597E6D;
					};
					361A3B1523B10C4B00597E6D = {
						CreatedOnToolsVersion = 11.3;
						TestTargetID = 361A3AF123B10C4A00597E6D;
					};
				};
			};
			buildConfigurationList = 361A3AED23B10C4A00597E6D /* Build configuration list for PBXProject "LandMarks" */;
			compatibilityVersion = "Xcode 9.3";
			developmentRegion = en;
			hasScannedForEncodings = 0;
			knownRegions = (
				en,
				Base,
			);
			mainGroup = 361A3AE923B10C4A00597E6D;
			productRefGroup = 361A3AF323B10C4A00597E6D /* Products */;
			projectDirPath = "";
			projectRoot = "";
			targets = (
				361A3AF123B10C4A00597E6D /* LandMarks */,
				361A3B0A23B10C4B00597E6D /* LandMarksTests */,
				361A3B1523B10C4B00597E6D /* LandMarksUITests */,
			);
		};
/* End PBXProject section */

/* Begin PBXResourcesBuildPhase section */
		361A3AF023B10C4A00597E6D /* Resources */ = {
			isa = PBXResourcesBuildPhase;
			buildActionMask = 2147483647;
			files = (
				361A3B0523B10C4B00597E6D /* LaunchScreen.storyboard in Resources */,
				361A3B0223B10C4B00597E6D /* Preview Assets.xcassets in Resources */,
				361A3AFF23B10C4B00597E6D /* Assets.xcassets in Resources */,
			);
			runOnlyForDeploymentPostprocessing = 0;
		};
		361A3B0923B10C4B00597E6D /* Resources */ = {
			isa = PBXResourcesBuildPhase;
			buildActionMask = 2147483647;
			files = (
			);
			runOnlyForDeploymentPostprocessing = 0;
		};
		361A3B1423B10C4B00597E6D /* Resources */ = {
			isa = PBXResourcesBuildPhase;
			buildActionMask = 2147483647;
			files = (
			);
			runOnlyForDeploymentPostprocessing = 0;
		};
/* End PBXResourcesBuildPhase section */

/* Begin PBXSourcesBuildPhase section */
		361A3AEE23B10C4A00597E6D /* Sources */ = {
			isa = PBXSourcesBuildPhase;
			buildActionMask = 2147483647;
			files = (
				361A3AF623B10C4A00597E6D /* AppDelegate.swift in Sources */,
				361A3B2B23B1DF9B00597E6D /* MapView.swift in Sources */,
				361A3AFB23B10C4A00597E6D /* LandMarks.xcdatamodeld in Sources */,
				361A3AFD23B10C4A00597E6D /* ContentView.swift in Sources */,
				361A3AF823B10C4A00597E6D /* SceneDelegate.swift in Sources */,
				361A3B2923B1DC6E00597E6D /* CircleImage.swift in Sources */,
			);
			runOnlyForDeploymentPostprocessing = 0;
		};
		361A3B0723B10C4B00597E6D /* Sources */ = {
			isa = PBXSourcesBuildPhase;
			buildActionMask = 2147483647;
			files = (
				361A3B1023B10C4B00597E6D /* LandMarksTests.swift in Sources */,
			);
			runOnlyForDeploymentPostprocessing = 0;
		};
		361A3B1223B10C4B00597E6D /* Sources */ = {
			isa = PBXSourcesBuildPhase;
			buildActionMask = 2147483647;
			files = (
				361A3B1B23B10C4B00597E6D /* LandMarksUITests.swift in Sources */,
			);
			runOnlyForDeploymentPostprocessing = 0;
		};
/* End PBXSourcesBuildPhase section */

/* Begin PBXTargetDependency section */
		361A3B0D23B10C4B00597E6D /* PBXTargetDependency */ = {
			isa = PBXTargetDependency;
			target = 361A3AF123B10C4A00597E6D /* LandMarks */;
			targetProxy = 361A3B0C23B10C4B00597E6D /* PBXContainerItemProxy */;
		};
		361A3B1823B10C4B00597E6D /* PBXTargetDependency */ = {
			isa = PBXTargetDependency;
			target = 361A3AF123B10C4A00597E6D /* LandMarks */;
			targetProxy = 361A3B1723B10C4B00597E6D /* PBXContainerItemProxy */;
		};
/* End PBXTargetDependency section */

/* Begin PBXVariantGroup section */
		361A3B0323B10C4B00597E6D /* LaunchScreen.storyboard */ = {
			isa = PBXVariantGroup;
			children = (
				361A3B0423B10C4B00597E6D /* Base */,
			);
			name = LaunchScreen.storyboard;
			sourceTree = "<group>";
		};
/* End PBXVariantGroup section */

/* Begin XCBuildConfiguration section */
		361A3B1D23B10C4B00597E6D /* Debug */ = {
			isa = XCBuildConfiguration;
			buildSettings = {
				ALWAYS_SEARCH_USER_PATHS = NO;
				CLANG_ANALYZER_NONNULL = YES;
				CLANG_ANALYZER_NUMBER_OBJECT_CONVERSION = YES_AGGRESSIVE;
				CLANG_CXX_LANGUAGE_STANDARD = "gnu++14";
				CLANG_CXX_LIBRARY = "libc++";
				CLANG_ENABLE_MODULES = YES;
				CLANG_ENABLE_OBJC_ARC = YES;
				CLANG_ENABLE_OBJC_WEAK = YES;
				CLANG_WARN_BLOCK_CAPTURE_AUTORELEASING = YES;
				CLANG_WARN_BOOL_CONVERSION = YES;
				CLANG_WARN_COMMA = YES;
				CLANG_WARN_CONSTANT_CONVERSION = YES;
				CLANG_WARN_DEPRECATED_OBJC_IMPLEMENTATIONS = YES;
				CLANG_WARN_DIRECT_OBJC_ISA_USAGE = YES_ERROR;
				CLANG_WARN_DOCUMENTATION_COMMENTS = YES;
				CLANG_WARN_EMPTY_BODY = YES;
				CLANG_WARN_ENUM_CONVERSION = YES;
				CLANG_WARN_INFINITE_RECURSION = YES;
				CLANG_WARN_INT_CONVERSION = YES;
				CLANG_WARN_NON_LITERAL_NULL_CONVERSION = YES;
				CLANG_WARN_OBJC_IMPLICIT_RETAIN_SELF = YES;
				CLANG_WARN_OBJC_LITERAL_CONVERSION = YES;
				CLANG_WARN_OBJC_ROOT_CLASS = YES_ERROR;
				CLANG_WARN_RANGE_LOOP_ANALYSIS = YES;
				CLANG_WARN_STRICT_PROTOTYPES = YES;
				CLANG_WARN_SUSPICIOUS_MOVE = YES;
				CLANG_WARN_UNGUARDED_AVAILABILITY = YES_AGGRESSIVE;
				CLANG_WARN_UNREACHABLE_CODE = YES;
				CLANG_WARN__DUPLICATE_METHOD_MATCH = YES;
				COPY_PHASE_STRIP = NO;
				DEBUG_INFORMATION_FORMAT = dwarf;
				ENABLE_STRICT_OBJC_MSGSEND = YES;
				ENABLE_TESTABILITY = YES;
				GCC_C_LANGUAGE_STANDARD = gnu11;
				GCC_DYNAMIC_NO_PIC = NO;
				GCC_NO_COMMON_BLOCKS = YES;
				GCC_OPTIMIZATION_LEVEL = 0;
				GCC_PREPROCESSOR_DEFINITIONS = (
					"DEBUG=1",
					"$(inherited)",
				);
				GCC_WARN_64_TO_32_BIT_CONVERSION = YES;
				GCC_WARN_ABOUT_RETURN_TYPE = YES_ERROR;
				GCC_WARN_UNDECLARED_SELECTOR = YES;
				GCC_WARN_UNINITIALIZED_AUTOS = YES_AGGRESSIVE;
				GCC_WARN_UNUSED_FUNCTION = YES;
				GCC_WARN_UNUSED_VARIABLE = YES;
				IPHONEOS_DEPLOYMENT_TARGET = 13.2;
				MTL_ENABLE_DEBUG_INFO = INCLUDE_SOURCE;
				MTL_FAST_MATH = YES;
				ONLY_ACTIVE_ARCH = YES;
				SDKROOT = iphoneos;
				SWIFT_ACTIVE_COMPILATION_CONDITIONS = DEBUG;
				SWIFT_OPTIMIZATION_LEVEL = "-Onone";
			};
			name = Debug;
		};
		361A3B1E23B10C4B00597E6D /* Release */ = {
			isa = XCBuildConfiguration;
			buildSettings = {
				ALWAYS_SEARCH_USER_PATHS = NO;
				CLANG_ANALYZER_NONNULL = YES;
				CLANG_ANALYZER_NUMBER_OBJECT_CONVERSION = YES_AGGRESSIVE;
				CLANG_CXX_LANGUAGE_STANDARD = "gnu++14";
				CLANG_CXX_LIBRARY = "libc++";
				CLANG_ENABLE_MODULES = YES;
				CLANG_ENABLE_OBJC_ARC = YES;
				CLANG_ENABLE_OBJC_WEAK = YES;
				CLANG_WARN_BLOCK_CAPTURE_AUTORELEASING = YES;
				CLANG_WARN_BOOL_CONVERSION = YES;
				CLANG_WARN_COMMA = YES;
				CLANG_WARN_CONSTANT_CONVERSION = YES;
				CLANG_WARN_DEPRECATED_OBJC_IMPLEMENTATIONS = YES;
				CLANG_WARN_DIRECT_OBJC_ISA_USAGE = YES_ERROR;
				CLANG_WARN_DOCUMENTATION_COMMENTS = YES;
				CLANG_WARN_EMPTY_BODY = YES;
				CLANG_WARN_ENUM_CONVERSION = YES;
				CLANG_WARN_INFINITE_RECURSION = YES;
				CLANG_WARN_INT_CONVERSION = YES;
				CLANG_WARN_NON_LITERAL_NULL_CONVERSION = YES;
				CLANG_WARN_OBJC_IMPLICIT_RETAIN_SELF = YES;
				CLANG_WARN_OBJC_LITERAL_CONVERSION = YES;
				CLANG_WARN_OBJC_ROOT_CLASS = YES_ERROR;
				CLANG_WARN_RANGE_LOOP_ANALYSIS = YES;
				CLANG_WARN_STRICT_PROTOTYPES = YES;
				CLANG_WARN_SUSPICIOUS_MOVE = YES;
				CLANG_WARN_UNGUARDED_AVAILABILITY = YES_AGGRESSIVE;
				CLANG_WARN_UNREACHABLE_CODE = YES;
				CLANG_WARN__DUPLICATE_METHOD_MATCH = YES;
				COPY_PHASE_STRIP = NO;
				DEBUG_INFORMATION_FORMAT = "dwarf-with-dsym";
				ENABLE_NS_ASSERTIONS = NO;
				ENABLE_STRICT_OBJC_MSGSEND = YES;
				GCC_C_LANGUAGE_STANDARD = gnu11;
				GCC_NO_COMMON_BLOCKS = YES;
				GCC_WARN_64_TO_32_BIT_CONVERSION = YES;
				GCC_WARN_ABOUT_RETURN_TYPE = YES_ERROR;
				GCC_WARN_UNDECLARED_SELECTOR = YES;
				GCC_WARN_UNINITIALIZED_AUTOS = YES_AGGRESSIVE;
				GCC_WARN_UNUSED_FUNCTION = YES;
				GCC_WARN_UNUSED_VARIABLE = YES;
				IPHONEOS_DEPLOYMENT_TARGET = 13.2;
				MTL_ENABLE_DEBUG_INFO = NO;
				MTL_FAST_MATH = YES;
				SDKROOT = iphoneos;
				SWIFT_COMPILATION_MODE = wholemodule;
				SWIFT_OPTIMIZATION_LEVEL = "-O";
				VALIDATE_PRODUCT = YES;
			};
			name = Release;
		};
		361A3B2023B10C4B00597E6D /* Debug */ = {
			isa = XCBuildConfiguration;
			buildSettings = {
				ASSETCATALOG_COMPILER_APPICON_NAME = AppIcon;
				CODE_SIGN_STYLE = Automatic;
				DEVELOPMENT_ASSET_PATHS = "\"LandMarks/Preview Content\"";
				DEVELOPMENT_TEAM = S28SBHAB47;
				ENABLE_PREVIEWS = YES;
				INFOPLIST_FILE = LandMarks/Info.plist;
				LD_RUNPATH_SEARCH_PATHS = (
					"$(inherited)",
					"@executable_path/Frameworks",
				);
				PRODUCT_BUNDLE_IDENTIFIER = EP.payments.LandMarks;
				PRODUCT_NAME = "$(TARGET_NAME)";
				SWIFT_VERSION = 5.0;
				TARGETED_DEVICE_FAMILY = "1,2";
			};
			name = Debug;
		};
		361A3B2123B10C4B00597E6D /* Release */ = {
			isa = XCBuildConfiguration;
			buildSettings = {
				ASSETCATALOG_COMPILER_APPICON_NAME = AppIcon;
				CODE_SIGN_STYLE = Automatic;
				DEVELOPMENT_ASSET_PATHS = "\"LandMarks/Preview Content\"";
				DEVELOPMENT_TEAM = S28SBHAB47;
				ENABLE_PREVIEWS = YES;
				INFOPLIST_FILE = LandMarks/Info.plist;
				LD_RUNPATH_SEARCH_PATHS = (
					"$(inherited)",
					"@executable_path/Frameworks",
				);
				PRODUCT_BUNDLE_IDENTIFIER = EP.payments.LandMarks;
				PRODUCT_NAME = "$(TARGET_NAME)";
				SWIFT_VERSION = 5.0;
				TARGETED_DEVICE_FAMILY = "1,2";
			};
			name = Release;
		};
		361A3B2323B10C4B00597E6D /* Debug */ = {
			isa = XCBuildConfiguration;
			buildSettings = {
				ALWAYS_EMBED_SWIFT_STANDARD_LIBRARIES = YES;
				BUNDLE_LOADER = "$(TEST_HOST)";
				CODE_SIGN_STYLE = Automatic;
				DEVELOPMENT_TEAM = S28SBHAB47;
				INFOPLIST_FILE = LandMarksTests/Info.plist;
				IPHONEOS_DEPLOYMENT_TARGET = 13.2;
				LD_RUNPATH_SEARCH_PATHS = (
					"$(inherited)",
					"@executable_path/Frameworks",
					"@loader_path/Frameworks",
				);
				PRODUCT_BUNDLE_IDENTIFIER = EP.payments.LandMarksTests;
				PRODUCT_NAME = "$(TARGET_NAME)";
				SWIFT_VERSION = 5.0;
				TARGETED_DEVICE_FAMILY = "1,2";
				TEST_HOST = "$(BUILT_PRODUCTS_DIR)/LandMarks.app/LandMarks";
			};
			name = Debug;
		};
		361A3B2423B10C4B00597E6D /* Release */ = {
			isa = XCBuildConfiguration;
			buildSettings = {
				ALWAYS_EMBED_SWIFT_STANDARD_LIBRARIES = YES;
				BUNDLE_LOADER = "$(TEST_HOST)";
				CODE_SIGN_STYLE = Automatic;
				DEVELOPMENT_TEAM = S28SBHAB47;
				INFOPLIST_FILE = LandMarksTests/Info.plist;
				IPHONEOS_DEPLOYMENT_TARGET = 13.2;
				LD_RUNPATH_SEARCH_PATHS = (
					"$(inherited)",
					"@executable_path/Frameworks",
					"@loader_path/Frameworks",
				);
				PRODUCT_BUNDLE_IDENTIFIER = EP.payments.LandMarksTests;
				PRODUCT_NAME = "$(TARGET_NAME)";
				SWIFT_VERSION = 5.0;
				TARGETED_DEVICE_FAMILY = "1,2";
				TEST_HOST = "$(BUILT_PRODUCTS_DIR)/LandMarks.app/LandMarks";
			};
			name = Release;
		};
		361A3B2623B10C4B00597E6D /* Debug */ = {
			isa = XCBuildConfiguration;
			buildSettings = {
				ALWAYS_EMBED_SWIFT_STANDARD_LIBRARIES = YES;
				CODE_SIGN_STYLE = Automatic;
				DEVELOPMENT_TEAM = S28SBHAB47;
				INFOPLIST_FILE = LandMarksUITests/Info.plist;
				LD_RUNPATH_SEARCH_PATHS = (
					"$(inherited)",
					"@executable_path/Frameworks",
					"@loader_path/Frameworks",
				);
				PRODUCT_BUNDLE_IDENTIFIER = EP.payments.LandMarksUITests;
				PRODUCT_NAME = "$(TARGET_NAME)";
				SWIFT_VERSION = 5.0;
				TARGETED_DEVICE_FAMILY = "1,2";
				TEST_TARGET_NAME = LandMarks;
			};
			name = Debug;
		};
		361A3B2723B10C4B00597E6D /* Release */ = {
			isa = XCBuildConfiguration;
			buildSettings = {
				ALWAYS_EMBED_SWIFT_STANDARD_LIBRARIES = YES;
				CODE_SIGN_STYLE = Automatic;
				DEVELOPMENT_TEAM = S28SBHAB47;
				INFOPLIST_FILE = LandMarksUITests/Info.plist;
				LD_RUNPATH_SEARCH_PATHS = (
					"$(inherited)",
					"@executable_path/Frameworks",
					"@loader_path/Frameworks",
				);
				PRODUCT_BUNDLE_IDENTIFIER = EP.payments.LandMarksUITests;
				PRODUCT_NAME = "$(TARGET_NAME)";
				SWIFT_VERSION = 5.0;
				TARGETED_DEVICE_FAMILY = "1,2";
				TEST_TARGET_NAME = LandMarks;
			};
			name = Release;
		};
/* End XCBuildConfiguration section */

/* Begin XCConfigurationList section */
		361A3AED23B10C4A00597E6D /* Build configuration list for PBXProject "LandMarks" */ = {
			isa = XCConfigurationList;
			buildConfigurations = (
				361A3B1D23B10C4B00597E6D /* Debug */,
				361A3B1E23B10C4B00597E6D /* Release */,
			);
			defaultConfigurationIsVisible = 0;
			defaultConfigurationName = Release;
		};
		361A3B1F23B10C4B00597E6D /* Build configuration list for PBXNativeTarget "LandMarks" */ = {
			isa = XCConfigurationList;
			buildConfigurations = (
				361A3B2023B10C4B00597E6D /* Debug */,
				361A3B2123B10C4B00597E6D /* Release */,
			);
			defaultConfigurationIsVisible = 0;
			defaultConfigurationName = Release;
		};
		361A3B2223B10C4B00597E6D /* Build configuration list for PBXNativeTarget "LandMarksTests" */ = {
			isa = XCConfigurationList;
			buildConfigurations = (
				361A3B2323B10C4B00597E6D /* Debug */,
				361A3B2423B10C4B00597E6D /* Release */,
			);
			defaultConfigurationIsVisible = 0;
			defaultConfigurationName = Release;
		};
		361A3B2523B10C4B00597E6D /* Build configuration list for PBXNativeTarget "LandMarksUITests" */ = {
			isa = XCConfigurationList;
			buildConfigurations = (
				361A3B2623B10C4B00597E6D /* Debug */,
				361A3B2723B10C4B00597E6D /* Release */,
			);
			defaultConfigurationIsVisible = 0;
			defaultConfigurationName = Release;
		};
/* End XCConfigurationList section */

/* Begin XCVersionGroup section */
		361A3AF923B10C4A00597E6D /* LandMarks.xcdatamodeld */ = {
			isa = XCVersionGroup;
			children = (
				361A3AFA23B10C4A00597E6D /* LandMarks.xcdatamodel */,
			);
			currentVersion = 361A3AFA23B10C4A00597E6D /* LandMarks.xcdatamodel */;
			path = LandMarks.xcdatamodeld;
			sourceTree = "<group>";
			versionGroupType = wrapper.xcdatamodel;
		};
/* End XCVersionGroup section */
	};
	rootObject = 361A3AEA23B10C4A00597E6D /* Project object */;
}
